// !$*UTF8*$!
{
	archiveVersion = 1;
	classes = {
	};
	objectVersion = 48;
	objects = {

/* Begin PBXBuildFile section */
		6EB7BAEAECE72884F6AE68C9 /* Pods_iNote.framework in Frameworks */ = {isa = PBXBuildFile; fileRef = 0908388BC57617358BBAD688 /* Pods_iNote.framework */; };
		7056E7B51FBC0BF3008B503C /* UINavigationExt.swift in Sources */ = {isa = PBXBuildFile; fileRef = 7056E7B41FBC0BF3008B503C /* UINavigationExt.swift */; };
		706F6A7D1FBC2FE0000235E0 /* CompanyCell.swift in Sources */ = {isa = PBXBuildFile; fileRef = 706F6A7C1FBC2FE0000235E0 /* CompanyCell.swift */; };
		70795CC01FB68C4C001C082C /* AppDelegate.swift in Sources */ = {isa = PBXBuildFile; fileRef = 70795CBF1FB68C4C001C082C /* AppDelegate.swift */; };
		70795CC21FB68C4C001C082C /* ViewController.swift in Sources */ = {isa = PBXBuildFile; fileRef = 70795CC11FB68C4C001C082C /* ViewController.swift */; };
		70795CC51FB68C4C001C082C /* Main.storyboard in Resources */ = {isa = PBXBuildFile; fileRef = 70795CC31FB68C4C001C082C /* Main.storyboard */; };
		70795CC71FB68C4C001C082C /* Assets.xcassets in Resources */ = {isa = PBXBuildFile; fileRef = 70795CC61FB68C4C001C082C /* Assets.xcassets */; };
		70795CCA1FB68C4C001C082C /* LaunchScreen.storyboard in Resources */ = {isa = PBXBuildFile; fileRef = 70795CC81FB68C4C001C082C /* LaunchScreen.storyboard */; };
		70795CD21FB6929B001C082C /* CustomNavController.swift in Sources */ = {isa = PBXBuildFile; fileRef = 70795CD11FB6929B001C082C /* CustomNavController.swift */; };
		70795CD41FB6A852001C082C /* UIColor+Theme.swift in Sources */ = {isa = PBXBuildFile; fileRef = 70795CD31FB6A852001C082C /* UIColor+Theme.swift */; };
		70795CD91FB6CF9A001C082C /* Company.swift in Sources */ = {isa = PBXBuildFile; fileRef = 70795CD81FB6CF99001C082C /* Company.swift */; };
		70795CDB1FB6D246001C082C /* CreateCompanyController.swift in Sources */ = {isa = PBXBuildFile; fileRef = 70795CDA1FB6D246001C082C /* CreateCompanyController.swift */; };
		70CFD3F51FB893500072A4E9 /* INoteDataModel.xcdatamodeld in Sources */ = {isa = PBXBuildFile; fileRef = 70CFD3F31FB8934F0072A4E9 /* INoteDataModel.xcdatamodeld */; };
		70CFD3F81FB8AA1E0072A4E9 /* CoreDataManager.swift in Sources */ = {isa = PBXBuildFile; fileRef = 70CFD3F71FB8AA1E0072A4E9 /* CoreDataManager.swift */; };
		70F7F4FD1FBAC82400EC1BC5 /* DateExt.swift in Sources */ = {isa = PBXBuildFile; fileRef = 70F7F4FC1FBAC82400EC1BC5 /* DateExt.swift */; };
/* End PBXBuildFile section */

/* Begin PBXFileReference section */
		0908388BC57617358BBAD688 /* Pods_iNote.framework */ = {isa = PBXFileReference; explicitFileType = wrapper.framework; includeInIndex = 0; path = Pods_iNote.framework; sourceTree = BUILT_PRODUCTS_DIR; };
		5251C3C3D15DF62A3C2D696A /* Pods-iNote.release.xcconfig */ = {isa = PBXFileReference; includeInIndex = 1; lastKnownFileType = text.xcconfig; name = "Pods-iNote.release.xcconfig"; path = "Pods/Target Support Files/Pods-iNote/Pods-iNote.release.xcconfig"; sourceTree = "<group>"; };
		7056E7B41FBC0BF3008B503C /* UINavigationExt.swift */ = {isa = PBXFileReference; lastKnownFileType = sourcecode.swift; path = UINavigationExt.swift; sourceTree = "<group>"; };
		706F6A7C1FBC2FE0000235E0 /* CompanyCell.swift */ = {isa = PBXFileReference; lastKnownFileType = sourcecode.swift; path = CompanyCell.swift; sourceTree = "<group>"; };
		70795CBC1FB68C4B001C082C /* iNote.app */ = {isa = PBXFileReference; explicitFileType = wrapper.application; includeInIndex = 0; path = iNote.app; sourceTree = BUILT_PRODUCTS_DIR; };
		70795CBF1FB68C4C001C082C /* AppDelegate.swift */ = {isa = PBXFileReference; lastKnownFileType = sourcecode.swift; path = AppDelegate.swift; sourceTree = "<group>"; };
		70795CC11FB68C4C001C082C /* ViewController.swift */ = {isa = PBXFileReference; lastKnownFileType = sourcecode.swift; path = ViewController.swift; sourceTree = "<group>"; };
		70795CC41FB68C4C001C082C /* Base */ = {isa = PBXFileReference; lastKnownFileType = file.storyboard; name = Base; path = Base.lproj/Main.storyboard; sourceTree = "<group>"; };
		70795CC61FB68C4C001C082C /* Assets.xcassets */ = {isa = PBXFileReference; lastKnownFileType = folder.assetcatalog; path = Assets.xcassets; sourceTree = "<group>"; };
		70795CC91FB68C4C001C082C /* Base */ = {isa = PBXFileReference; lastKnownFileType = file.storyboard; name = Base; path = Base.lproj/LaunchScreen.storyboard; sourceTree = "<group>"; };
		70795CCB1FB68C4C001C082C /* Info.plist */ = {isa = PBXFileReference; lastKnownFileType = text.plist.xml; path = Info.plist; sourceTree = "<group>"; };
		70795CD11FB6929B001C082C /* CustomNavController.swift */ = {isa = PBXFileReference; lastKnownFileType = sourcecode.swift; path = CustomNavController.swift; sourceTree = "<group>"; };
		70795CD31FB6A852001C082C /* UIColor+Theme.swift */ = {isa = PBXFileReference; lastKnownFileType = sourcecode.swift; path = "UIColor+Theme.swift"; sourceTree = "<group>"; };
		70795CD81FB6CF99001C082C /* Company.swift */ = {isa = PBXFileReference; lastKnownFileType = sourcecode.swift; path = Company.swift; sourceTree = "<group>"; };
		70795CDA1FB6D246001C082C /* CreateCompanyController.swift */ = {isa = PBXFileReference; lastKnownFileType = sourcecode.swift; path = CreateCompanyController.swift; sourceTree = "<group>"; };
		70CFD3F41FB8934F0072A4E9 /* INoteDataModel.xcdatamodel */ = {isa = PBXFileReference; lastKnownFileType = wrapper.xcdatamodel; path = INoteDataModel.xcdatamodel; sourceTree = "<group>"; };
		70CFD3F71FB8AA1E0072A4E9 /* CoreDataManager.swift */ = {isa = PBXFileReference; lastKnownFileType = sourcecode.swift; path = CoreDataManager.swift; sourceTree = "<group>"; };
		70F7F4FC1FBAC82400EC1BC5 /* DateExt.swift */ = {isa = PBXFileReference; lastKnownFileType = sourcecode.swift; path = DateExt.swift; sourceTree = "<group>"; };
		98E2624EE6E138423F5DA75F /* Pods-iNote.debug.xcconfig */ = {isa = PBXFileReference; includeInIndex = 1; lastKnownFileType = text.xcconfig; name = "Pods-iNote.debug.xcconfig"; path = "Pods/Target Support Files/Pods-iNote/Pods-iNote.debug.xcconfig"; sourceTree = "<group>"; };
/* End PBXFileReference section */

/* Begin PBXFrameworksBuildPhase section */
		70795CB91FB68C4B001C082C /* Frameworks */ = {
			isa = PBXFrameworksBuildPhase;
			buildActionMask = 2147483647;
			files = (
				6EB7BAEAECE72884F6AE68C9 /* Pods_iNote.framework in Frameworks */,
			);
			runOnlyForDeploymentPostprocessing = 0;
		};
/* End PBXFrameworksBuildPhase section */

/* Begin PBXGroup section */
		39D73979C917E78E9EC454AF /* Frameworks */ = {
			isa = PBXGroup;
			children = (
				0908388BC57617358BBAD688 /* Pods_iNote.framework */,
			);
			name = Frameworks;
			sourceTree = "<group>";
		};
		70795CB31FB68C4B001C082C = {
			isa = PBXGroup;
			children = (
				70F7F4FB1FBAC80400EC1BC5 /* Extension */,
				70795CBE1FB68C4B001C082C /* iNote */,
				70795CBD1FB68C4B001C082C /* Products */,
				CA7DE0E892515C23DE847F25 /* Pods */,
				39D73979C917E78E9EC454AF /* Frameworks */,
			);
			sourceTree = "<group>";
		};
		70795CBD1FB68C4B001C082C /* Products */ = {
			isa = PBXGroup;
			children = (
				70795CBC1FB68C4B001C082C /* iNote.app */,
			);
			name = Products;
			sourceTree = "<group>";
		};
		70795CBE1FB68C4B001C082C /* iNote */ = {
			isa = PBXGroup;
			children = (
				70CFD3F71FB8AA1E0072A4E9 /* CoreDataManager.swift */,
				70795CD71FB6CF86001C082C /* Model */,
				70795CD61FB6CF81001C082C /* View */,
				70795CD51FB6CF79001C082C /* Controller */,
				70795CBF1FB68C4C001C082C /* AppDelegate.swift */,
				70795CC31FB68C4C001C082C /* Main.storyboard */,
				70795CC61FB68C4C001C082C /* Assets.xcassets */,
				70795CC81FB68C4C001C082C /* LaunchScreen.storyboard */,
				70795CCB1FB68C4C001C082C /* Info.plist */,
				70795CD31FB6A852001C082C /* UIColor+Theme.swift */,
				70CFD3F31FB8934F0072A4E9 /* INoteDataModel.xcdatamodeld */,
			);
			path = iNote;
			sourceTree = "<group>";
		};
		70795CD51FB6CF79001C082C /* Controller */ = {
			isa = PBXGroup;
			children = (
				70795CC11FB68C4C001C082C /* ViewController.swift */,
				70795CD11FB6929B001C082C /* CustomNavController.swift */,
				70795CDA1FB6D246001C082C /* CreateCompanyController.swift */,
			);
			path = Controller;
			sourceTree = "<group>";
		};
		70795CD61FB6CF81001C082C /* View */ = {
			isa = PBXGroup;
			children = (
				706F6A7C1FBC2FE0000235E0 /* CompanyCell.swift */,
			);
			path = View;
			sourceTree = "<group>";
		};
		70795CD71FB6CF86001C082C /* Model */ = {
			isa = PBXGroup;
			children = (
				70795CD81FB6CF99001C082C /* Company.swift */,
			);
			path = Model;
			sourceTree = "<group>";
		};
		70F7F4FB1FBAC80400EC1BC5 /* Extension */ = {
			isa = PBXGroup;
			children = (
				70F7F4FC1FBAC82400EC1BC5 /* DateExt.swift */,
				7056E7B41FBC0BF3008B503C /* UINavigationExt.swift */,
			);
			path = Extension;
			sourceTree = "<group>";
		};
		CA7DE0E892515C23DE847F25 /* Pods */ = {
			isa = PBXGroup;
			children = (
				98E2624EE6E138423F5DA75F /* Pods-iNote.debug.xcconfig */,
				5251C3C3D15DF62A3C2D696A /* Pods-iNote.release.xcconfig */,
			);
			name = Pods;
			sourceTree = "<group>";
		};
/* End PBXGroup section */

/* Begin PBXNativeTarget section */
		70795CBB1FB68C4B001C082C /* iNote */ = {
			isa = PBXNativeTarget;
			buildConfigurationList = 70795CCE1FB68C4C001C082C /* Build configuration list for PBXNativeTarget "iNote" */;
			buildPhases = (
				CC1608B5B22D2163CB016645 /* [CP] Check Pods Manifest.lock */,
				70795CB81FB68C4B001C082C /* Sources */,
				70795CB91FB68C4B001C082C /* Frameworks */,
				70795CBA1FB68C4B001C082C /* Resources */,
				48D0E812A3321F1444BCBA1A /* [CP] Embed Pods Frameworks */,
				E42B72D57946373D6D93DE75 /* [CP] Copy Pods Resources */,
			);
			buildRules = (
			);
			dependencies = (
			);
			name = iNote;
			productName = iNote;
			productReference = 70795CBC1FB68C4B001C082C /* iNote.app */;
			productType = "com.apple.product-type.application";
		};
/* End PBXNativeTarget section */

/* Begin PBXProject section */
		70795CB41FB68C4B001C082C /* Project object */ = {
			isa = PBXProject;
			attributes = {
				LastSwiftUpdateCheck = 0910;
				LastUpgradeCheck = 0910;
				ORGANIZATIONNAME = "Thanh Minh";
				TargetAttributes = {
					70795CBB1FB68C4B001C082C = {
						CreatedOnToolsVersion = 9.1;
						ProvisioningStyle = Automatic;
					};
				};
			};
			buildConfigurationList = 70795CB71FB68C4B001C082C /* Build configuration list for PBXProject "iNote" */;
			compatibilityVersion = "Xcode 8.0";
			developmentRegion = en;
			hasScannedForEncodings = 0;
			knownRegions = (
				en,
				Base,
			);
			mainGroup = 70795CB31FB68C4B001C082C;
			productRefGroup = 70795CBD1FB68C4B001C082C /* Products */;
			projectDirPath = "";
			projectRoot = "";
			targets = (
				70795CBB1FB68C4B001C082C /* iNote */,
			);
		};
/* End PBXProject section */

/* Begin PBXResourcesBuildPhase section */
		70795CBA1FB68C4B001C082C /* Resources */ = {
			isa = PBXResourcesBuildPhase;
			buildActionMask = 2147483647;
			files = (
				70795CCA1FB68C4C001C082C /* LaunchScreen.storyboard in Resources */,
				70795CC71FB68C4C001C082C /* Assets.xcassets in Resources */,
				70795CC51FB68C4C001C082C /* Main.storyboard in Resources */,
			);
			runOnlyForDeploymentPostprocessing = 0;
		};
/* End PBXResourcesBuildPhase section */

/* Begin PBXShellScriptBuildPhase section */
		48D0E812A3321F1444BCBA1A /* [CP] Embed Pods Frameworks */ = {
			isa = PBXShellScriptBuildPhase;
			buildActionMask = 2147483647;
			files = (
			);
			inputPaths = (
			);
			name = "[CP] Embed Pods Frameworks";
			outputPaths = (
			);
			runOnlyForDeploymentPostprocessing = 0;
			shellPath = /bin/sh;
			shellScript = "\"${SRCROOT}/Pods/Target Support Files/Pods-iNote/Pods-iNote-frameworks.sh\"\n";
			showEnvVarsInLog = 0;
		};
		CC1608B5B22D2163CB016645 /* [CP] Check Pods Manifest.lock */ = {
			isa = PBXShellScriptBuildPhase;
			buildActionMask = 2147483647;
			files = (
			);
			inputPaths = (
			);
			name = "[CP] Check Pods Manifest.lock";
			outputPaths = (
			);
			runOnlyForDeploymentPostprocessing = 0;
			shellPath = /bin/sh;
			shellScript = "diff \"${PODS_ROOT}/../Podfile.lock\" \"${PODS_ROOT}/Manifest.lock\" > /dev/null\nif [ $? != 0 ] ; then\n    # print error to STDERR\n    echo \"error: The sandbox is not in sync with the Podfile.lock. Run 'pod install' or update your CocoaPods installation.\" >&2\n    exit 1\nfi\n";
			showEnvVarsInLog = 0;
		};
		E42B72D57946373D6D93DE75 /* [CP] Copy Pods Resources */ = {
			isa = PBXShellScriptBuildPhase;
			buildActionMask = 2147483647;
			files = (
			);
			inputPaths = (
			);
			name = "[CP] Copy Pods Resources";
			outputPaths = (
			);
			runOnlyForDeploymentPostprocessing = 0;
			shellPath = /bin/sh;
			shellScript = "\"${SRCROOT}/Pods/Target Support Files/Pods-iNote/Pods-iNote-resources.sh\"\n";
			showEnvVarsInLog = 0;
		};
/* End PBXShellScriptBuildPhase section */

/* Begin PBXSourcesBuildPhase section */
		70795CB81FB68C4B001C082C /* Sources */ = {
			isa = PBXSourcesBuildPhase;
			buildActionMask = 2147483647;
			files = (
				70CFD3F51FB893500072A4E9 /* INoteDataModel.xcdatamodeld in Sources */,
				7056E7B51FBC0BF3008B503C /* UINavigationExt.swift in Sources */,
				70795CC21FB68C4C001C082C /* ViewController.swift in Sources */,
				70795CD41FB6A852001C082C /* UIColor+Theme.swift in Sources */,
				70CFD3F81FB8AA1E0072A4E9 /* CoreDataManager.swift in Sources */,
				70795CD21FB6929B001C082C /* CustomNavController.swift in Sources */,
				70795CD91FB6CF9A001C082C /* Company.swift in Sources */,
				70795CC01FB68C4C001C082C /* AppDelegate.swift in Sources */,
				706F6A7D1FBC2FE0000235E0 /* CompanyCell.swift in Sources */,
				70795CDB1FB6D246001C082C /* CreateCompanyController.swift in Sources */,
				70F7F4FD1FBAC82400EC1BC5 /* DateExt.swift in Sources */,
			);
			runOnlyForDeploymentPostprocessing = 0;
		};
/* End PBXSourcesBuildPhase section */

/* Begin PBXVariantGroup section */
		70795CC31FB68C4C001C082C /* Main.storyboard */ = {
			isa = PBXVariantGroup;
			children = (
				70795CC41FB68C4C001C082C /* Base */,
			);
			name = Main.storyboard;
			sourceTree = "<group>";
		};
		70795CC81FB68C4C001C082C /* LaunchScreen.storyboard */ = {
			isa = PBXVariantGroup;
			children = (
				70795CC91FB68C4C001C082C /* Base */,
			);
			name = LaunchScreen.storyboard;
			sourceTree = "<group>";
		};
/* End PBXVariantGroup section */

/* Begin XCBuildConfiguration section */
		70795CCC1FB68C4C001C082C /* Debug */ = {
			isa = XCBuildConfiguration;
			buildSettings = {
				ALWAYS_SEARCH_USER_PATHS = NO;
				CLANG_ANALYZER_NONNULL = YES;
				CLANG_ANALYZER_NUMBER_OBJECT_CONVERSION = YES_AGGRESSIVE;
				CLANG_CXX_LANGUAGE_STANDARD = "gnu++14";
				CLANG_CXX_LIBRARY = "libc++";
				CLANG_ENABLE_MODULES = YES;
				CLANG_ENABLE_OBJC_ARC = YES;
				CLANG_WARN_BLOCK_CAPTURE_AUTORELEASING = YES;
				CLANG_WARN_BOOL_CONVERSION = YES;
				CLANG_WARN_COMMA = YES;
				CLANG_WARN_CONSTANT_CONVERSION = YES;
				CLANG_WARN_DIRECT_OBJC_ISA_USAGE = YES_ERROR;
				CLANG_WARN_DOCUMENTATION_COMMENTS = YES;
				CLANG_WARN_EMPTY_BODY = YES;
				CLANG_WARN_ENUM_CONVERSION = YES;
				CLANG_WARN_INFINITE_RECURSION = YES;
				CLANG_WARN_INT_CONVERSION = YES;
				CLANG_WARN_NON_LITERAL_NULL_CONVERSION = YES;
				CLANG_WARN_OBJC_LITERAL_CONVERSION = YES;
				CLANG_WARN_OBJC_ROOT_CLASS = YES_ERROR;
				CLANG_WARN_RANGE_LOOP_ANALYSIS = YES;
				CLANG_WARN_STRICT_PROTOTYPES = YES;
				CLANG_WARN_SUSPICIOUS_MOVE = YES;
				CLANG_WARN_UNGUARDED_AVAILABILITY = YES_AGGRESSIVE;
				CLANG_WARN_UNREACHABLE_CODE = YES;
				CLANG_WARN__DUPLICATE_METHOD_MATCH = YES;
				CODE_SIGN_IDENTITY = "iPhone Developer";
				COPY_PHASE_STRIP = NO;
				DEBUG_INFORMATION_FORMAT = dwarf;
				ENABLE_STRICT_OBJC_MSGSEND = YES;
				ENABLE_TESTABILITY = YES;
				GCC_C_LANGUAGE_STANDARD = gnu11;
				GCC_DYNAMIC_NO_PIC = NO;
				GCC_NO_COMMON_BLOCKS = YES;
				GCC_OPTIMIZATION_LEVEL = 0;
				GCC_PREPROCESSOR_DEFINITIONS = (
					"DEBUG=1",
					"$(inherited)",
				);
				GCC_WARN_64_TO_32_BIT_CONVERSION = YES;
				GCC_WARN_ABOUT_RETURN_TYPE = YES_ERROR;
				GCC_WARN_UNDECLARED_SELECTOR = YES;
				GCC_WARN_UNINITIALIZED_AUTOS = YES_AGGRESSIVE;
				GCC_WARN_UNUSED_FUNCTION = YES;
				GCC_WARN_UNUSED_VARIABLE = YES;
				IPHONEOS_DEPLOYMENT_TARGET = 11.1;
				MTL_ENABLE_DEBUG_INFO = YES;
				ONLY_ACTIVE_ARCH = YES;
				SDKROOT = iphoneos;
				SWIFT_ACTIVE_COMPILATION_CONDITIONS = DEBUG;
				SWIFT_OPTIMIZATION_LEVEL = "-Onone";
			};
			name = Debug;
		};
		70795CCD1FB68C4C001C082C /* Release */ = {
			isa = XCBuildConfiguration;
			buildSettings = {
				ALWAYS_SEARCH_USER_PATHS = NO;
				CLANG_ANALYZER_NONNULL = YES;
				CLANG_ANALYZER_NUMBER_OBJECT_CONVERSION = YES_AGGRESSIVE;
				CLANG_CXX_LANGUAGE_STANDARD = "gnu++14";
				CLANG_CXX_LIBRARY = "libc++";
				CLANG_ENABLE_MODULES = YES;
				CLANG_ENABLE_OBJC_ARC = YES;
				CLANG_WARN_BLOCK_CAPTURE_AUTORELEASING = YES;
				CLANG_WARN_BOOL_CONVERSION = YES;
				CLANG_WARN_COMMA = YES;
				CLANG_WARN_CONSTANT_CONVERSION = YES;
				CLANG_WARN_DIRECT_OBJC_ISA_USAGE = YES_ERROR;
				CLANG_WARN_DOCUMENTATION_COMMENTS = YES;
				CLANG_WARN_EMPTY_BODY = YES;
				CLANG_WARN_ENUM_CONVERSION = YES;
				CLANG_WARN_INFINITE_RECURSION = YES;
				CLANG_WARN_INT_CONVERSION = YES;
				CLANG_WARN_NON_LITERAL_NULL_CONVERSION = YES;
				CLANG_WARN_OBJC_LITERAL_CONVERSION = YES;
				CLANG_WARN_OBJC_ROOT_CLASS = YES_ERROR;
				CLANG_WARN_RANGE_LOOP_ANALYSIS = YES;
				CLANG_WARN_STRICT_PROTOTYPES = YES;
				CLANG_WARN_SUSPICIOUS_MOVE = YES;
				CLANG_WARN_UNGUARDED_AVAILABILITY = YES_AGGRESSIVE;
				CLANG_WARN_UNREACHABLE_CODE = YES;
				CLANG_WARN__DUPLICATE_METHOD_MATCH = YES;
				CODE_SIGN_IDENTITY = "iPhone Developer";
				COPY_PHASE_STRIP = NO;
				DEBUG_INFORMATION_FORMAT = "dwarf-with-dsym";
				ENABLE_NS_ASSERTIONS = NO;
				ENABLE_STRICT_OBJC_MSGSEND = YES;
				GCC_C_LANGUAGE_STANDARD = gnu11;
				GCC_NO_COMMON_BLOCKS = YES;
				GCC_WARN_64_TO_32_BIT_CONVERSION = YES;
				GCC_WARN_ABOUT_RETURN_TYPE = YES_ERROR;
				GCC_WARN_UNDECLARED_SELECTOR = YES;
				GCC_WARN_UNINITIALIZED_AUTOS = YES_AGGRESSIVE;
				GCC_WARN_UNUSED_FUNCTION = YES;
				GCC_WARN_UNUSED_VARIABLE = YES;
				IPHONEOS_DEPLOYMENT_TARGET = 11.1;
				MTL_ENABLE_DEBUG_INFO = NO;
				SDKROOT = iphoneos;
				SWIFT_OPTIMIZATION_LEVEL = "-Owholemodule";
				VALIDATE_PRODUCT = YES;
			};
			name = Release;
		};
		70795CCF1FB68C4C001C082C /* Debug */ = {
			isa = XCBuildConfiguration;
			baseConfigurationReference = 98E2624EE6E138423F5DA75F /* Pods-iNote.debug.xcconfig */;
			buildSettings = {
				CODE_SIGN_STYLE = Automatic;
				DEVELOPMENT_TEAM = ZQH587T855;
				INFOPLIST_FILE = iNote/Info.plist;
				IPHONEOS_DEPLOYMENT_TARGET = 10.0;
				LD_RUNPATH_SEARCH_PATHS = "$(inherited) @executable_path/Frameworks";
				PRODUCT_BUNDLE_IDENTIFIER = top.ypages.iNote;
				PRODUCT_NAME = "$(TARGET_NAME)";
				SWIFT_VERSION = 4.0;
				TARGETED_DEVICE_FAMILY = "1,2";
			};
			name = Debug;
		};
		70795CD01FB68C4C001C082C /* Release */ = {
			isa = XCBuildConfiguration;
			baseConfigurationReference = 5251C3C3D15DF62A3C2D696A /* Pods-iNote.release.xcconfig */;
			buildSettings = {
				CODE_SIGN_STYLE = Automatic;
				DEVELOPMENT_TEAM = ZQH587T855;
				INFOPLIST_FILE = iNote/Info.plist;
				IPHONEOS_DEPLOYMENT_TARGET = 10.0;
				LD_RUNPATH_SEARCH_PATHS = "$(inherited) @executable_path/Frameworks";
				PRODUCT_BUNDLE_IDENTIFIER = top.ypages.iNote;
				PRODUCT_NAME = "$(TARGET_NAME)";
				SWIFT_VERSION = 4.0;
				TARGETED_DEVICE_FAMILY = "1,2";
			};
			name = Release;
		};
/* End XCBuildConfiguration section */

/* Begin XCConfigurationList section */
		70795CB71FB68C4B001C082C /* Build configuration list for PBXProject "iNote" */ = {
			isa = XCConfigurationList;
			buildConfigurations = (
				70795CCC1FB68C4C001C082C /* Debug */,
				70795CCD1FB68C4C001C082C /* Release */,
			);
			defaultConfigurationIsVisible = 0;
			defaultConfigurationName = Release;
		};
		70795CCE1FB68C4C001C082C /* Build configuration list for PBXNativeTarget "iNote" */ = {
			isa = XCConfigurationList;
			buildConfigurations = (
				70795CCF1FB68C4C001C082C /* Debug */,
				70795CD01FB68C4C001C082C /* Release */,
			);
			defaultConfigurationIsVisible = 0;
			defaultConfigurationName = Release;
		};
/* End XCConfigurationList section */

/* Begin XCVersionGroup section */
		70CFD3F31FB8934F0072A4E9 /* INoteDataModel.xcdatamodeld */ = {
			isa = XCVersionGroup;
			children = (
				70CFD3F41FB8934F0072A4E9 /* INoteDataModel.xcdatamodel */,
			);
			currentVersion = 70CFD3F41FB8934F0072A4E9 /* INoteDataModel.xcdatamodel */;
			path = INoteDataModel.xcdatamodeld;
			sourceTree = "<group>";
			versionGroupType = wrapper.xcdatamodel;
		};
/* End XCVersionGroup section */
	};
	rootObject = 70795CB41FB68C4B001C082C /* Project object */;
}
